Microsoft Visual Studio Solution File, Format Version 12.00
# Visual Studio Version 16
VisualStudioVersion = 16.0.29021.104
MinimumVisualStudioVersion = 15.0.26124.0
Project("{FAE04EC0-301F-11D3-BF4B-00C04F79EFBC}") = "DotNetEnv", "DotNetEnv\DotNetEnv.csproj", "{B9CEBC40-5CBD-49E2-8526-C77F56AE4092}"
EndProject
Global
	GlobalSection(SolutionConfigurationPlatforms) = preSolution
		Debug|Any CPU = Debug|Any CPU
		Debug|x64 = Debug|x64
		Debug|x86 = Debug|x86
		Release|Any CPU = Release|Any CPU
		Release|x64 = Release|x64
		Release|x86 = Release|x86
	EndGlobalSection
	GlobalSection(ProjectConfigurationPlatforms) = postSolution
		{B9CEBC40-5CBD-49E2-8526-C77F56AE4092}.Debug|Any CPU.ActiveCfg = Debug|Any CPU
		{B9CEBC40-5CBD-49E2-8526-C77F56AE4092}.Debug|Any CPU.Build.0 = Debug|Any CPU
		{B9CEBC40-5CBD-49E2-8526-C77F56AE4092}.Debug|x64.ActiveCfg = Debug|Any CPU
		{B9CEBC40-5CBD-49E2-8526-C77F56AE4092}.Debug|x64.Build.0 = Debug|Any CPU
		{B9CEBC40-5CBD-49E2-8526-C77F56AE4092}.Debug|x86.ActiveCfg = Debug|Any CPU
		{B9CEBC40-5CBD-49E2-8526-C77F56AE4092}.Debug|x86.Build.0 = Debug|Any CPU
		{B9CEBC40-5CBD-49E2-8526-C77F56AE4092}.Release|Any CPU.ActiveCfg = Release|Any CPU
		{B9CEBC40-5CBD-49E2-8526-C77F56AE4092}.Release|Any CPU.Build.0 = Release|Any CPU
		{B9CEBC40-5CBD-49E2-8526-C77F56AE4092}.Release|x64.ActiveCfg = Release|Any CPU
		{B9CEBC40-5CBD-49E2-8526-C77F56AE4092}.Release|x64.Build.0 = Release|Any CPU
		{B9CEBC40-5CBD-49E2-8526-C77F56AE4092}.Release|x86.ActiveCfg = Release|Any CPU
		{B9CEBC40-5CBD-49E2-8526-C77F56AE4092}.Release|x86.Build.0 = Release|Any CPU
	EndGlobalSection
	GlobalSection(SolutionProperties) = preSolution
		HideSolutionNode = FALSE
	EndGlobalSection
	GlobalSection(ExtensibilityGlobals) = postSolution
		SolutionGuid = {72A5638F-B0E7-47A9-8953-705BA7268F7E}
	EndGlobalSection
EndGlobal
